
Microsoft Visual Studio Solution File, Format Version 12.00
# Visual Studio 14
VisualStudioVersion = 14.0.25420.1
MinimumVisualStudioVersion = 10.0.40219.1
Project("{FAE04EC0-301F-11D3-BF4B-00C04F79EFBC}") = "MVVMCalculator", "MVVMCalculator\MVVMCalculator\MVVMCalculator.csproj", "{7576B8A1-D7B6-42CE-A278-5D3B906A84A3}"
EndProject
Project("{FAE04EC0-301F-11D3-BF4B-00C04F79EFBC}") = "MVVMCalculator.Droid", "MVVMCalculator\MVVMCalculator.Droid\MVVMCalculator.Droid.csproj", "{30B0657B-9A47-4AB5-97B9-DE527CE169F9}"
EndProject
Project("{FAE04EC0-301F-11D3-BF4B-00C04F79EFBC}") = "MVVMCalculator.iOS", "MVVMCalculator\MVVMCalculator.iOS\MVVMCalculator.iOS.csproj", "{B7F24578-3C66-4C5D-BFF8-5700B94CA530}"
EndProject
Project("{FAE04EC0-301F-11D3-BF4B-00C04F79EFBC}") = "MVVMCalculator.WinPhone", "MVVMCalculator\MVVMCalculator.WinPhone\MVVMCalculator.WinPhone.csproj", "{C85CD3EA-1331-4C35-B305-16FEDBAF5B81}"
EndProject
Project("{FAE04EC0-301F-11D3-BF4B-00C04F79EFBC}") = "MVVMCalculator.UWP", "MVVMCalculator\MVVMCalculator.UWP\MVVMCalculator.UWP.csproj", "{BA4012E0-79C5-46E3-B16D-F6C4B895454F}"
EndProject
Project("{FAE04EC0-301F-11D3-BF4B-00C04F79EFBC}") = "MVVMCalculator.Windows", "MVVMCalculator\MVVMCalculator.Windows\MVVMCalculator.Windows.csproj", "{8E138685-3AA9-4E32-A2DE-9B3D57D36256}"
EndProject
Project("{FAE04EC0-301F-11D3-BF4B-00C04F79EFBC}") = "Xamarin.FormsBook.Toolkit", "Libraries\Xamarin.FormsBook.Toolkit\Xamarin.FormsBook.Toolkit\Xamarin.FormsBook.Toolkit.csproj", "{58EEAFFF-D1BB-4375-AEFC-8270F8415DCE}"
EndProject
Global
	GlobalSection(SolutionConfigurationPlatforms) = preSolution
		Ad-Hoc|Any CPU = Ad-Hoc|Any CPU
		Ad-Hoc|ARM = Ad-Hoc|ARM
		Ad-Hoc|iPhone = Ad-Hoc|iPhone
		Ad-Hoc|iPhoneSimulator = Ad-Hoc|iPhoneSimulator
		Ad-Hoc|x64 = Ad-Hoc|x64
		Ad-Hoc|x86 = Ad-Hoc|x86
		AppStore|Any CPU = AppStore|Any CPU
		AppStore|ARM = AppStore|ARM
		AppStore|iPhone = AppStore|iPhone
		AppStore|iPhoneSimulator = AppStore|iPhoneSimulator
		AppStore|x64 = AppStore|x64
		AppStore|x86 = AppStore|x86
		Debug|Any CPU = Debug|Any CPU
		Debug|ARM = Debug|ARM
		Debug|iPhone = Debug|iPhone
		Debug|iPhoneSimulator = Debug|iPhoneSimulator
		Debug|x64 = Debug|x64
		Debug|x86 = Debug|x86
		Release|Any CPU = Release|Any CPU
		Release|ARM = Release|ARM
		Release|iPhone = Release|iPhone
		Release|iPhoneSimulator = Release|iPhoneSimulator
		Release|x64 = Release|x64
		Release|x86 = Release|x86
	EndGlobalSection
	GlobalSection(ProjectConfigurationPlatforms) = postSolution
		{7576B8A1-D7B6-42CE-A278-5D3B906A84A3}.Ad-Hoc|Any CPU.ActiveCfg = Release|Any CPU
		{7576B8A1-D7B6-42CE-A278-5D3B906A84A3}.Ad-Hoc|Any CPU.Build.0 = Release|Any CPU
		{7576B8A1-D7B6-42CE-A278-5D3B906A84A3}.Ad-Hoc|ARM.ActiveCfg = Release|Any CPU
		{7576B8A1-D7B6-42CE-A278-5D3B906A84A3}.Ad-Hoc|ARM.Build.0 = Release|Any CPU
		{7576B8A1-D7B6-42CE-A278-5D3B906A84A3}.Ad-Hoc|iPhone.ActiveCfg = Release|Any CPU
		{7576B8A1-D7B6-42CE-A278-5D3B906A84A3}.Ad-Hoc|iPhone.Build.0 = Release|Any CPU
		{7576B8A1-D7B6-42CE-A278-5D3B906A84A3}.Ad-Hoc|iPhoneSimulator.ActiveCfg = Release|Any CPU
		{7576B8A1-D7B6-42CE-A278-5D3B906A84A3}.Ad-Hoc|iPhoneSimulator.Build.0 = Release|Any CPU
		{7576B8A1-D7B6-42CE-A278-5D3B906A84A3}.Ad-Hoc|x64.ActiveCfg = Release|Any CPU
		{7576B8A1-D7B6-42CE-A278-5D3B906A84A3}.Ad-Hoc|x64.Build.0 = Release|Any CPU
		{7576B8A1-D7B6-42CE-A278-5D3B906A84A3}.Ad-Hoc|x86.ActiveCfg = Release|Any CPU
		{7576B8A1-D7B6-42CE-A278-5D3B906A84A3}.Ad-Hoc|x86.Build.0 = Release|Any CPU
		{7576B8A1-D7B6-42CE-A278-5D3B906A84A3}.AppStore|Any CPU.ActiveCfg = Release|Any CPU
		{7576B8A1-D7B6-42CE-A278-5D3B906A84A3}.AppStore|Any CPU.Build.0 = Release|Any CPU
		{7576B8A1-D7B6-42CE-A278-5D3B906A84A3}.AppStore|ARM.ActiveCfg = Release|Any CPU
		{7576B8A1-D7B6-42CE-A278-5D3B906A84A3}.AppStore|ARM.Build.0 = Release|Any CPU
		{7576B8A1-D7B6-42CE-A278-5D3B906A84A3}.AppStore|iPhone.ActiveCfg = Release|Any CPU
		{7576B8A1-D7B6-42CE-A278-5D3B906A84A3}.AppStore|iPhone.Build.0 = Release|Any CPU
		{7576B8A1-D7B6-42CE-A278-5D3B906A84A3}.AppStore|iPhoneSimulator.ActiveCfg = Release|Any CPU
		{7576B8A1-D7B6-42CE-A278-5D3B906A84A3}.AppStore|iPhoneSimulator.Build.0 = Release|Any CPU
		{7576B8A1-D7B6-42CE-A278-5D3B906A84A3}.AppStore|x64.ActiveCfg = Release|Any CPU
		{7576B8A1-D7B6-42CE-A278-5D3B906A84A3}.AppStore|x64.Build.0 = Release|Any CPU
		{7576B8A1-D7B6-42CE-A278-5D3B906A84A3}.AppStore|x86.ActiveCfg = Release|Any CPU
		{7576B8A1-D7B6-42CE-A278-5D3B906A84A3}.AppStore|x86.Build.0 = Release|Any CPU
		{7576B8A1-D7B6-42CE-A278-5D3B906A84A3}.Debug|Any CPU.ActiveCfg = Debug|Any CPU
		{7576B8A1-D7B6-42CE-A278-5D3B906A84A3}.Debug|Any CPU.Build.0 = Debug|Any CPU
		{7576B8A1-D7B6-42CE-A278-5D3B906A84A3}.Debug|ARM.ActiveCfg = Debug|Any CPU
		{7576B8A1-D7B6-42CE-A278-5D3B906A84A3}.Debug|ARM.Build.0 = Debug|Any CPU
		{7576B8A1-D7B6-42CE-A278-5D3B906A84A3}.Debug|iPhone.ActiveCfg = Debug|Any CPU
		{7576B8A1-D7B6-42CE-A278-5D3B906A84A3}.Debug|iPhone.Build.0 = Debug|Any CPU
		{7576B8A1-D7B6-42CE-A278-5D3B906A84A3}.Debug|iPhoneSimulator.ActiveCfg = Debug|Any CPU
		{7576B8A1-D7B6-42CE-A278-5D3B906A84A3}.Debug|iPhoneSimulator.Build.0 = Debug|Any CPU
		{7576B8A1-D7B6-42CE-A278-5D3B906A84A3}.Debug|x64.ActiveCfg = Debug|Any CPU
		{7576B8A1-D7B6-42CE-A278-5D3B906A84A3}.Debug|x64.Build.0 = Debug|Any CPU
		{7576B8A1-D7B6-42CE-A278-5D3B906A84A3}.Debug|x86.ActiveCfg = Debug|Any CPU
		{7576B8A1-D7B6-42CE-A278-5D3B906A84A3}.Debug|x86.Build.0 = Debug|Any CPU
		{7576B8A1-D7B6-42CE-A278-5D3B906A84A3}.Release|Any CPU.ActiveCfg = Release|Any CPU
		{7576B8A1-D7B6-42CE-A278-5D3B906A84A3}.Release|Any CPU.Build.0 = Release|Any CPU
		{7576B8A1-D7B6-42CE-A278-5D3B906A84A3}.Release|ARM.ActiveCfg = Release|Any CPU
		{7576B8A1-D7B6-42CE-A278-5D3B906A84A3}.Release|ARM.Build.0 = Release|Any CPU
		{7576B8A1-D7B6-42CE-A278-5D3B906A84A3}.Release|iPhone.ActiveCfg = Release|Any CPU
		{7576B8A1-D7B6-42CE-A278-5D3B906A84A3}.Release|iPhone.Build.0 = Release|Any CPU
		{7576B8A1-D7B6-42CE-A278-5D3B906A84A3}.Release|iPhoneSimulator.ActiveCfg = Release|Any CPU
		{7576B8A1-D7B6-42CE-A278-5D3B906A84A3}.Release|iPhoneSimulator.Build.0 = Release|Any CPU
		{7576B8A1-D7B6-42CE-A278-5D3B906A84A3}.Release|x64.ActiveCfg = Release|Any CPU
		{7576B8A1-D7B6-42CE-A278-5D3B906A84A3}.Release|x64.Build.0 = Release|Any CPU
		{7576B8A1-D7B6-42CE-A278-5D3B906A84A3}.Release|x86.ActiveCfg = Release|Any CPU
		{7576B8A1-D7B6-42CE-A278-5D3B906A84A3}.Release|x86.Build.0 = Release|Any CPU
		{30B0657B-9A47-4AB5-97B9-DE527CE169F9}.Ad-Hoc|Any CPU.ActiveCfg = Release|Any CPU
		{30B0657B-9A47-4AB5-97B9-DE527CE169F9}.Ad-Hoc|Any CPU.Build.0 = Release|Any CPU
		{30B0657B-9A47-4AB5-97B9-DE527CE169F9}.Ad-Hoc|Any CPU.Deploy.0 = Release|Any CPU
		{30B0657B-9A47-4AB5-97B9-DE527CE169F9}.Ad-Hoc|ARM.ActiveCfg = Release|Any CPU
		{30B0657B-9A47-4AB5-97B9-DE527CE169F9}.Ad-Hoc|ARM.Build.0 = Release|Any CPU
		{30B0657B-9A47-4AB5-97B9-DE527CE169F9}.Ad-Hoc|ARM.Deploy.0 = Release|Any CPU
		{30B0657B-9A47-4AB5-97B9-DE527CE169F9}.Ad-Hoc|iPhone.ActiveCfg = Release|Any CPU
		{30B0657B-9A47-4AB5-97B9-DE527CE169F9}.Ad-Hoc|iPhone.Build.0 = Release|Any CPU
		{30B0657B-9A47-4AB5-97B9-DE527CE169F9}.Ad-Hoc|iPhone.Deploy.0 = Release|Any CPU
		{30B0657B-9A47-4AB5-97B9-DE527CE169F9}.Ad-Hoc|iPhoneSimulator.ActiveCfg = Release|Any CPU
		{30B0657B-9A47-4AB5-97B9-DE527CE169F9}.Ad-Hoc|iPhoneSimulator.Build.0 = Release|Any CPU
		{30B0657B-9A47-4AB5-97B9-DE527CE169F9}.Ad-Hoc|iPhoneSimulator.Deploy.0 = Release|Any CPU
		{30B0657B-9A47-4AB5-97B9-DE527CE169F9}.Ad-Hoc|x64.ActiveCfg = Release|Any CPU
		{30B0657B-9A47-4AB5-97B9-DE527CE169F9}.Ad-Hoc|x64.Build.0 = Release|Any CPU
		{30B0657B-9A47-4AB5-97B9-DE527CE169F9}.Ad-Hoc|x64.Deploy.0 = Release|Any CPU
		{30B0657B-9A47-4AB5-97B9-DE527CE169F9}.Ad-Hoc|x86.ActiveCfg = Release|Any CPU
		{30B0657B-9A47-4AB5-97B9-DE527CE169F9}.Ad-Hoc|x86.Build.0 = Release|Any CPU
		{30B0657B-9A47-4AB5-97B9-DE527CE169F9}.Ad-Hoc|x86.Deploy.0 = Release|Any CPU
		{30B0657B-9A47-4AB5-97B9-DE527CE169F9}.AppStore|Any CPU.ActiveCfg = Release|Any CPU
		{30B0657B-9A47-4AB5-97B9-DE527CE169F9}.AppStore|Any CPU.Build.0 = Release|Any CPU
		{30B0657B-9A47-4AB5-97B9-DE527CE169F9}.AppStore|Any CPU.Deploy.0 = Release|Any CPU
		{30B0657B-9A47-4AB5-97B9-DE527CE169F9}.AppStore|ARM.ActiveCfg = Release|Any CPU
		{30B0657B-9A47-4AB5-97B9-DE527CE169F9}.AppStore|ARM.Build.0 = Release|Any CPU
		{30B0657B-9A47-4AB5-97B9-DE527CE169F9}.AppStore|ARM.Deploy.0 = Release|Any CPU
		{30B0657B-9A47-4AB5-97B9-DE527CE169F9}.AppStore|iPhone.ActiveCfg = Release|Any CPU
		{30B0657B-9A47-4AB5-97B9-DE527CE169F9}.AppStore|iPhone.Build.0 = Release|Any CPU
		{30B0657B-9A47-4AB5-97B9-DE527CE169F9}.AppStore|iPhone.Deploy.0 = Release|Any CPU
		{30B0657B-9A47-4AB5-97B9-DE527CE169F9}.AppStore|iPhoneSimulator.ActiveCfg = Release|Any CPU
		{30B0657B-9A47-4AB5-97B9-DE527CE169F9}.AppStore|iPhoneSimulator.Build.0 = Release|Any CPU
		{30B0657B-9A47-4AB5-97B9-DE527CE169F9}.AppStore|iPhoneSimulator.Deploy.0 = Release|Any CPU
		{30B0657B-9A47-4AB5-97B9-DE527CE169F9}.AppStore|x64.ActiveCfg = Release|Any CPU
		{30B0657B-9A47-4AB5-97B9-DE527CE169F9}.AppStore|x64.Build.0 = Release|Any CPU
		{30B0657B-9A47-4AB5-97B9-DE527CE169F9}.AppStore|x64.Deploy.0 = Release|Any CPU
		{30B0657B-9A47-4AB5-97B9-DE527CE169F9}.AppStore|x86.ActiveCfg = Release|Any CPU
		{30B0657B-9A47-4AB5-97B9-DE527CE169F9}.AppStore|x86.Build.0 = Release|Any CPU
		{30B0657B-9A47-4AB5-97B9-DE527CE169F9}.AppStore|x86.Deploy.0 = Release|Any CPU
		{30B0657B-9A47-4AB5-97B9-DE527CE169F9}.Debug|Any CPU.ActiveCfg = Debug|Any CPU
		{30B0657B-9A47-4AB5-97B9-DE527CE169F9}.Debug|Any CPU.Build.0 = Debug|Any CPU
		{30B0657B-9A47-4AB5-97B9-DE527CE169F9}.Debug|Any CPU.Deploy.0 = Debug|Any CPU
		{30B0657B-9A47-4AB5-97B9-DE527CE169F9}.Debug|ARM.ActiveCfg = Debug|Any CPU
		{30B0657B-9A47-4AB5-97B9-DE527CE169F9}.Debug|ARM.Build.0 = Debug|Any CPU
		{30B0657B-9A47-4AB5-97B9-DE527CE169F9}.Debug|ARM.Deploy.0 = Debug|Any CPU
		{30B0657B-9A47-4AB5-97B9-DE527CE169F9}.Debug|iPhone.ActiveCfg = Debug|Any CPU
		{30B0657B-9A47-4AB5-97B9-DE527CE169F9}.Debug|iPhone.Build.0 = Debug|Any CPU
		{30B0657B-9A47-4AB5-97B9-DE527CE169F9}.Debug|iPhone.Deploy.0 = Debug|Any CPU
		{30B0657B-9A47-4AB5-97B9-DE527CE169F9}.Debug|iPhoneSimulator.ActiveCfg = Debug|Any CPU
		{30B0657B-9A47-4AB5-97B9-DE527CE169F9}.Debug|iPhoneSimulator.Build.0 = Debug|Any CPU
		{30B0657B-9A47-4AB5-97B9-DE527CE169F9}.Debug|iPhoneSimulator.Deploy.0 = Debug|Any CPU
		{30B0657B-9A47-4AB5-97B9-DE527CE169F9}.Debug|x64.ActiveCfg = Debug|Any CPU
		{30B0657B-9A47-4AB5-97B9-DE527CE169F9}.Debug|x64.Build.0 = Debug|Any CPU
		{30B0657B-9A47-4AB5-97B9-DE527CE169F9}.Debug|x64.Deploy.0 = Debug|Any CPU
		{30B0657B-9A47-4AB5-97B9-DE527CE169F9}.Debug|x86.ActiveCfg = Debug|Any CPU
		{30B0657B-9A47-4AB5-97B9-DE527CE169F9}.Debug|x86.Build.0 = Debug|Any CPU
		{30B0657B-9A47-4AB5-97B9-DE527CE169F9}.Debug|x86.Deploy.0 = Debug|Any CPU
		{30B0657B-9A47-4AB5-97B9-DE527CE169F9}.Release|Any CPU.ActiveCfg = Release|Any CPU
		{30B0657B-9A47-4AB5-97B9-DE527CE169F9}.Release|Any CPU.Build.0 = Release|Any CPU
		{30B0657B-9A47-4AB5-97B9-DE527CE169F9}.Release|Any CPU.Deploy.0 = Release|Any CPU
		{30B0657B-9A47-4AB5-97B9-DE527CE169F9}.Release|ARM.ActiveCfg = Release|Any CPU
		{30B0657B-9A47-4AB5-97B9-DE527CE169F9}.Release|ARM.Build.0 = Release|Any CPU
		{30B0657B-9A47-4AB5-97B9-DE527CE169F9}.Release|ARM.Deploy.0 = Release|Any CPU
		{30B0657B-9A47-4AB5-97B9-DE527CE169F9}.Release|iPhone.ActiveCfg = Release|Any CPU
		{30B0657B-9A47-4AB5-97B9-DE527CE169F9}.Release|iPhone.Build.0 = Release|Any CPU
		{30B0657B-9A47-4AB5-97B9-DE527CE169F9}.Release|iPhone.Deploy.0 = Release|Any CPU
		{30B0657B-9A47-4AB5-97B9-DE527CE169F9}.Release|iPhoneSimulator.ActiveCfg = Release|Any CPU
		{30B0657B-9A47-4AB5-97B9-DE527CE169F9}.Release|iPhoneSimulator.Build.0 = Release|Any CPU
		{30B0657B-9A47-4AB5-97B9-DE527CE169F9}.Release|iPhoneSimulator.Deploy.0 = Release|Any CPU
		{30B0657B-9A47-4AB5-97B9-DE527CE169F9}.Release|x64.ActiveCfg = Release|Any CPU
		{30B0657B-9A47-4AB5-97B9-DE527CE169F9}.Release|x64.Build.0 = Release|Any CPU
		{30B0657B-9A47-4AB5-97B9-DE527CE169F9}.Release|x64.Deploy.0 = Release|Any CPU
		{30B0657B-9A47-4AB5-97B9-DE527CE169F9}.Release|x86.ActiveCfg = Release|Any CPU
		{30B0657B-9A47-4AB5-97B9-DE527CE169F9}.Release|x86.Build.0 = Release|Any CPU
		{30B0657B-9A47-4AB5-97B9-DE527CE169F9}.Release|x86.Deploy.0 = Release|Any CPU
		{B7F24578-3C66-4C5D-BFF8-5700B94CA530}.Ad-Hoc|Any CPU.ActiveCfg = Ad-Hoc|iPhone
		{B7F24578-3C66-4C5D-BFF8-5700B94CA530}.Ad-Hoc|ARM.ActiveCfg = Ad-Hoc|iPhone
		{B7F24578-3C66-4C5D-BFF8-5700B94CA530}.Ad-Hoc|iPhone.ActiveCfg = Ad-Hoc|iPhone
		{B7F24578-3C66-4C5D-BFF8-5700B94CA530}.Ad-Hoc|iPhone.Build.0 = Ad-Hoc|iPhone
		{B7F24578-3C66-4C5D-BFF8-5700B94CA530}.Ad-Hoc|iPhoneSimulator.ActiveCfg = Ad-Hoc|iPhoneSimulator
		{B7F24578-3C66-4C5D-BFF8-5700B94CA530}.Ad-Hoc|iPhoneSimulator.Build.0 = Ad-Hoc|iPhoneSimulator
		{B7F24578-3C66-4C5D-BFF8-5700B94CA530}.Ad-Hoc|x64.ActiveCfg = Ad-Hoc|iPhone
		{B7F24578-3C66-4C5D-BFF8-5700B94CA530}.Ad-Hoc|x86.ActiveCfg = Ad-Hoc|iPhone
		{B7F24578-3C66-4C5D-BFF8-5700B94CA530}.AppStore|Any CPU.ActiveCfg = AppStore|iPhone
		{B7F24578-3C66-4C5D-BFF8-5700B94CA530}.AppStore|ARM.ActiveCfg = AppStore|iPhone
		{B7F24578-3C66-4C5D-BFF8-5700B94CA530}.AppStore|iPhone.ActiveCfg = AppStore|iPhone
		{B7F24578-3C66-4C5D-BFF8-5700B94CA530}.AppStore|iPhone.Build.0 = AppStore|iPhone
		{B7F24578-3C66-4C5D-BFF8-5700B94CA530}.AppStore|iPhoneSimulator.ActiveCfg = AppStore|iPhoneSimulator
		{B7F24578-3C66-4C5D-BFF8-5700B94CA530}.AppStore|iPhoneSimulator.Build.0 = AppStore|iPhoneSimulator
		{B7F24578-3C66-4C5D-BFF8-5700B94CA530}.AppStore|x64.ActiveCfg = AppStore|iPhone
		{B7F24578-3C66-4C5D-BFF8-5700B94CA530}.AppStore|x86.ActiveCfg = AppStore|iPhone
		{B7F24578-3C66-4C5D-BFF8-5700B94CA530}.Debug|Any CPU.ActiveCfg = Debug|iPhone
		{B7F24578-3C66-4C5D-BFF8-5700B94CA530}.Debug|ARM.ActiveCfg = Debug|iPhone
		{B7F24578-3C66-4C5D-BFF8-5700B94CA530}.Debug|iPhone.ActiveCfg = Debug|iPhone
		{B7F24578-3C66-4C5D-BFF8-5700B94CA530}.Debug|iPhone.Build.0 = Debug|iPhone
		{B7F24578-3C66-4C5D-BFF8-5700B94CA530}.Debug|iPhoneSimulator.ActiveCfg = Debug|iPhoneSimulator
		{B7F24578-3C66-4C5D-BFF8-5700B94CA530}.Debug|iPhoneSimulator.Build.0 = Debug|iPhoneSimulator
		{B7F24578-3C66-4C5D-BFF8-5700B94CA530}.Debug|x64.ActiveCfg = Debug|iPhone
		{B7F24578-3C66-4C5D-BFF8-5700B94CA530}.Debug|x86.ActiveCfg = Debug|iPhone
		{B7F24578-3C66-4C5D-BFF8-5700B94CA530}.Release|Any CPU.ActiveCfg = Release|iPhone
		{B7F24578-3C66-4C5D-BFF8-5700B94CA530}.Release|ARM.ActiveCfg = Release|iPhone
		{B7F24578-3C66-4C5D-BFF8-5700B94CA530}.Release|iPhone.ActiveCfg = Release|iPhone
		{B7F24578-3C66-4C5D-BFF8-5700B94CA530}.Release|iPhone.Build.0 = Release|iPhone
		{B7F24578-3C66-4C5D-BFF8-5700B94CA530}.Release|iPhoneSimulator.ActiveCfg = Release|iPhoneSimulator
		{B7F24578-3C66-4C5D-BFF8-5700B94CA530}.Release|iPhoneSimulator.Build.0 = Release|iPhoneSimulator
		{B7F24578-3C66-4C5D-BFF8-5700B94CA530}.Release|x64.ActiveCfg = Release|iPhone
		{B7F24578-3C66-4C5D-BFF8-5700B94CA530}.Release|x86.ActiveCfg = Release|iPhone
		{C85CD3EA-1331-4C35-B305-16FEDBAF5B81}.Ad-Hoc|Any CPU.ActiveCfg = Release|Any CPU
		{C85CD3EA-1331-4C35-B305-16FEDBAF5B81}.Ad-Hoc|Any CPU.Build.0 = Release|Any CPU
		{C85CD3EA-1331-4C35-B305-16FEDBAF5B81}.Ad-Hoc|Any CPU.Deploy.0 = Release|Any CPU
		{C85CD3EA-1331-4C35-B305-16FEDBAF5B81}.Ad-Hoc|ARM.ActiveCfg = Release|ARM
		{C85CD3EA-1331-4C35-B305-16FEDBAF5B81}.Ad-Hoc|ARM.Build.0 = Release|ARM
		{C85CD3EA-1331-4C35-B305-16FEDBAF5B81}.Ad-Hoc|ARM.Deploy.0 = Release|ARM
		{C85CD3EA-1331-4C35-B305-16FEDBAF5B81}.Ad-Hoc|iPhone.ActiveCfg = Release|Any CPU
		{C85CD3EA-1331-4C35-B305-16FEDBAF5B81}.Ad-Hoc|iPhone.Build.0 = Release|Any CPU
		{C85CD3EA-1331-4C35-B305-16FEDBAF5B81}.Ad-Hoc|iPhone.Deploy.0 = Release|Any CPU
		{C85CD3EA-1331-4C35-B305-16FEDBAF5B81}.Ad-Hoc|iPhoneSimulator.ActiveCfg = Release|Any CPU
		{C85CD3EA-1331-4C35-B305-16FEDBAF5B81}.Ad-Hoc|iPhoneSimulator.Build.0 = Release|Any CPU
		{C85CD3EA-1331-4C35-B305-16FEDBAF5B81}.Ad-Hoc|iPhoneSimulator.Deploy.0 = Release|Any CPU
		{C85CD3EA-1331-4C35-B305-16FEDBAF5B81}.Ad-Hoc|x64.ActiveCfg = Release|Any CPU
		{C85CD3EA-1331-4C35-B305-16FEDBAF5B81}.Ad-Hoc|x64.Build.0 = Release|Any CPU
		{C85CD3EA-1331-4C35-B305-16FEDBAF5B81}.Ad-Hoc|x64.Deploy.0 = Release|Any CPU
		{C85CD3EA-1331-4C35-B305-16FEDBAF5B81}.Ad-Hoc|x86.ActiveCfg = Release|x86
		{C85CD3EA-1331-4C35-B305-16FEDBAF5B81}.Ad-Hoc|x86.Build.0 = Release|x86
		{C85CD3EA-1331-4C35-B305-16FEDBAF5B81}.Ad-Hoc|x86.Deploy.0 = Release|x86
		{C85CD3EA-1331-4C35-B305-16FEDBAF5B81}.AppStore|Any CPU.ActiveCfg = Release|Any CPU
		{C85CD3EA-1331-4C35-B305-16FEDBAF5B81}.AppStore|Any CPU.Build.0 = Release|Any CPU
		{C85CD3EA-1331-4C35-B305-16FEDBAF5B81}.AppStore|Any CPU.Deploy.0 = Release|Any CPU
		{C85CD3EA-1331-4C35-B305-16FEDBAF5B81}.AppStore|ARM.ActiveCfg = Release|ARM
		{C85CD3EA-1331-4C35-B305-16FEDBAF5B81}.AppStore|ARM.Build.0 = Release|ARM
		{C85CD3EA-1331-4C35-B305-16FEDBAF5B81}.AppStore|ARM.Deploy.0 = Release|ARM
		{C85CD3EA-1331-4C35-B305-16FEDBAF5B81}.AppStore|iPhone.ActiveCfg = Release|Any CPU
		{C85CD3EA-1331-4C35-B305-16FEDBAF5B81}.AppStore|iPhone.Build.0 = Release|Any CPU
		{C85CD3EA-1331-4C35-B305-16FEDBAF5B81}.AppStore|iPhone.Deploy.0 = Release|Any CPU
		{C85CD3EA-1331-4C35-B305-16FEDBAF5B81}.AppStore|iPhoneSimulator.ActiveCfg = Release|Any CPU
		{C85CD3EA-1331-4C35-B305-16FEDBAF5B81}.AppStore|iPhoneSimulator.Build.0 = Release|Any CPU
		{C85CD3EA-1331-4C35-B305-16FEDBAF5B81}.AppStore|iPhoneSimulator.Deploy.0 = Release|Any CPU
		{C85CD3EA-1331-4C35-B305-16FEDBAF5B81}.AppStore|x64.ActiveCfg = Release|Any CPU
		{C85CD3EA-1331-4C35-B305-16FEDBAF5B81}.AppStore|x64.Build.0 = Release|Any CPU
		{C85CD3EA-1331-4C35-B305-16FEDBAF5B81}.AppStore|x64.Deploy.0 = Release|Any CPU
		{C85CD3EA-1331-4C35-B305-16FEDBAF5B81}.AppStore|x86.ActiveCfg = Release|x86
		{C85CD3EA-1331-4C35-B305-16FEDBAF5B81}.AppStore|x86.Build.0 = Release|x86
		{C85CD3EA-1331-4C35-B305-16FEDBAF5B81}.AppStore|x86.Deploy.0 = Release|x86
		{C85CD3EA-1331-4C35-B305-16FEDBAF5B81}.Debug|Any CPU.ActiveCfg = Debug|Any CPU
		{C85CD3EA-1331-4C35-B305-16FEDBAF5B81}.Debug|Any CPU.Build.0 = Debug|Any CPU
		{C85CD3EA-1331-4C35-B305-16FEDBAF5B81}.Debug|Any CPU.Deploy.0 = Debug|Any CPU
		{C85CD3EA-1331-4C35-B305-16FEDBAF5B81}.Debug|ARM.ActiveCfg = Debug|ARM
		{C85CD3EA-1331-4C35-B305-16FEDBAF5B81}.Debug|ARM.Build.0 = Debug|ARM
		{C85CD3EA-1331-4C35-B305-16FEDBAF5B81}.Debug|ARM.Deploy.0 = Debug|ARM
		{C85CD3EA-1331-4C35-B305-16FEDBAF5B81}.Debug|iPhone.ActiveCfg = Debug|Any CPU
		{C85CD3EA-1331-4C35-B305-16FEDBAF5B81}.Debug|iPhone.Build.0 = Debug|Any CPU
		{C85CD3EA-1331-4C35-B305-16FEDBAF5B81}.Debug|iPhone.Deploy.0 = Debug|Any CPU
		{C85CD3EA-1331-4C35-B305-16FEDBAF5B81}.Debug|iPhoneSimulator.ActiveCfg = Debug|Any CPU
		{C85CD3EA-1331-4C35-B305-16FEDBAF5B81}.Debug|iPhoneSimulator.Build.0 = Debug|Any CPU
		{C85CD3EA-1331-4C35-B305-16FEDBAF5B81}.Debug|iPhoneSimulator.Deploy.0 = Debug|Any CPU
		{C85CD3EA-1331-4C35-B305-16FEDBAF5B81}.Debug|x64.ActiveCfg = Debug|Any CPU
		{C85CD3EA-1331-4C35-B305-16FEDBAF5B81}.Debug|x64.Build.0 = Debug|Any CPU
		{C85CD3EA-1331-4C35-B305-16FEDBAF5B81}.Debug|x64.Deploy.0 = Debug|Any CPU
		{C85CD3EA-1331-4C35-B305-16FEDBAF5B81}.Debug|x86.ActiveCfg = Debug|x86
		{C85CD3EA-1331-4C35-B305-16FEDBAF5B81}.Debug|x86.Build.0 = Debug|x86
		{C85CD3EA-1331-4C35-B305-16FEDBAF5B81}.Debug|x86.Deploy.0 = Debug|x86
		{C85CD3EA-1331-4C35-B305-16FEDBAF5B81}.Release|Any CPU.ActiveCfg = Release|Any CPU
		{C85CD3EA-1331-4C35-B305-16FEDBAF5B81}.Release|Any CPU.Build.0 = Release|Any CPU
		{C85CD3EA-1331-4C35-B305-16FEDBAF5B81}.Release|Any CPU.Deploy.0 = Release|Any CPU
		{C85CD3EA-1331-4C35-B305-16FEDBAF5B81}.Release|ARM.ActiveCfg = Release|ARM
		{C85CD3EA-1331-4C35-B305-16FEDBAF5B81}.Release|ARM.Build.0 = Release|ARM
		{C85CD3EA-1331-4C35-B305-16FEDBAF5B81}.Release|ARM.Deploy.0 = Release|ARM
		{C85CD3EA-1331-4C35-B305-16FEDBAF5B81}.Release|iPhone.ActiveCfg = Release|Any CPU
		{C85CD3EA-1331-4C35-B305-16FEDBAF5B81}.Release|iPhone.Build.0 = Release|Any CPU
		{C85CD3EA-1331-4C35-B305-16FEDBAF5B81}.Release|iPhone.Deploy.0 = Release|Any CPU
		{C85CD3EA-1331-4C35-B305-16FEDBAF5B81}.Release|iPhoneSimulator.ActiveCfg = Release|Any CPU
		{C85CD3EA-1331-4C35-B305-16FEDBAF5B81}.Release|iPhoneSimulator.Build.0 = Release|Any CPU
		{C85CD3EA-1331-4C35-B305-16FEDBAF5B81}.Release|iPhoneSimulator.Deploy.0 = Release|Any CPU
		{C85CD3EA-1331-4C35-B305-16FEDBAF5B81}.Release|x64.ActiveCfg = Release|Any CPU
		{C85CD3EA-1331-4C35-B305-16FEDBAF5B81}.Release|x64.Build.0 = Release|Any CPU
		{C85CD3EA-1331-4C35-B305-16FEDBAF5B81}.Release|x64.Deploy.0 = Release|Any CPU
		{C85CD3EA-1331-4C35-B305-16FEDBAF5B81}.Release|x86.ActiveCfg = Release|x86
		{C85CD3EA-1331-4C35-B305-16FEDBAF5B81}.Release|x86.Build.0 = Release|x86
		{C85CD3EA-1331-4C35-B305-16FEDBAF5B81}.Release|x86.Deploy.0 = Release|x86
		{BA4012E0-79C5-46E3-B16D-F6C4B895454F}.Ad-Hoc|Any CPU.ActiveCfg = Release|x86
		{BA4012E0-79C5-46E3-B16D-F6C4B895454F}.Ad-Hoc|Any CPU.Build.0 = Release|x86
		{BA4012E0-79C5-46E3-B16D-F6C4B895454F}.Ad-Hoc|Any CPU.Deploy.0 = Release|x86
		{BA4012E0-79C5-46E3-B16D-F6C4B895454F}.Ad-Hoc|ARM.ActiveCfg = Release|ARM
		{BA4012E0-79C5-46E3-B16D-F6C4B895454F}.Ad-Hoc|ARM.Build.0 = Release|ARM
		{BA4012E0-79C5-46E3-B16D-F6C4B895454F}.Ad-Hoc|ARM.Deploy.0 = Release|ARM
		{BA4012E0-79C5-46E3-B16D-F6C4B895454F}.Ad-Hoc|iPhone.ActiveCfg = Release|x86
		{BA4012E0-79C5-46E3-B16D-F6C4B895454F}.Ad-Hoc|iPhone.Build.0 = Release|x86
		{BA4012E0-79C5-46E3-B16D-F6C4B895454F}.Ad-Hoc|iPhone.Deploy.0 = Release|x86
		{BA4012E0-79C5-46E3-B16D-F6C4B895454F}.Ad-Hoc|iPhoneSimulator.ActiveCfg = Release|x86
		{BA4012E0-79C5-46E3-B16D-F6C4B895454F}.Ad-Hoc|iPhoneSimulator.Build.0 = Release|x86
		{BA4012E0-79C5-46E3-B16D-F6C4B895454F}.Ad-Hoc|iPhoneSimulator.Deploy.0 = Release|x86
		{BA4012E0-79C5-46E3-B16D-F6C4B895454F}.Ad-Hoc|x64.ActiveCfg = Release|x64
		{BA4012E0-79C5-46E3-B16D-F6C4B895454F}.Ad-Hoc|x64.Build.0 = Release|x64
		{BA4012E0-79C5-46E3-B16D-F6C4B895454F}.Ad-Hoc|x64.Deploy.0 = Release|x64
		{BA4012E0-79C5-46E3-B16D-F6C4B895454F}.Ad-Hoc|x86.ActiveCfg = Release|x86
		{BA4012E0-79C5-46E3-B16D-F6C4B895454F}.Ad-Hoc|x86.Build.0 = Release|x86
		{BA4012E0-79C5-46E3-B16D-F6C4B895454F}.Ad-Hoc|x86.Deploy.0 = Release|x86
		{BA4012E0-79C5-46E3-B16D-F6C4B895454F}.AppStore|Any CPU.ActiveCfg = Release|x86
		{BA4012E0-79C5-46E3-B16D-F6C4B895454F}.AppStore|Any CPU.Build.0 = Release|x86
		{BA4012E0-79C5-46E3-B16D-F6C4B895454F}.AppStore|Any CPU.Deploy.0 = Release|x86
		{BA4012E0-79C5-46E3-B16D-F6C4B895454F}.AppStore|ARM.ActiveCfg = Release|ARM
		{BA4012E0-79C5-46E3-B16D-F6C4B895454F}.AppStore|ARM.Build.0 = Release|ARM
		{BA4012E0-79C5-46E3-B16D-F6C4B895454F}.AppStore|ARM.Deploy.0 = Release|ARM
		{BA4012E0-79C5-46E3-B16D-F6C4B895454F}.AppStore|iPhone.ActiveCfg = Release|x86
		{BA4012E0-79C5-46E3-B16D-F6C4B895454F}.AppStore|iPhone.Build.0 = Release|x86
		{BA4012E0-79C5-46E3-B16D-F6C4B895454F}.AppStore|iPhone.Deploy.0 = Release|x86
		{BA4012E0-79C5-46E3-B16D-F6C4B895454F}.AppStore|iPhoneSimulator.ActiveCfg = Release|x86
		{BA4012E0-79C5-46E3-B16D-F6C4B895454F}.AppStore|iPhoneSimulator.Build.0 = Release|x86
		{BA4012E0-79C5-46E3-B16D-F6C4B895454F}.AppStore|iPhoneSimulator.Deploy.0 = Release|x86
		{BA4012E0-79C5-46E3-B16D-F6C4B895454F}.AppStore|x64.ActiveCfg = Release|x64
		{BA4012E0-79C5-46E3-B16D-F6C4B895454F}.AppStore|x64.Build.0 = Release|x64
		{BA4012E0-79C5-46E3-B16D-F6C4B895454F}.AppStore|x64.Deploy.0 = Release|x64
		{BA4012E0-79C5-46E3-B16D-F6C4B895454F}.AppStore|x86.ActiveCfg = Release|x86
		{BA4012E0-79C5-46E3-B16D-F6C4B895454F}.AppStore|x86.Build.0 = Release|x86
		{BA4012E0-79C5-46E3-B16D-F6C4B895454F}.AppStore|x86.Deploy.0 = Release|x86
		{BA4012E0-79C5-46E3-B16D-F6C4B895454F}.Debug|Any CPU.ActiveCfg = Debug|x86
		{BA4012E0-79C5-46E3-B16D-F6C4B895454F}.Debug|ARM.ActiveCfg = Debug|ARM
		{BA4012E0-79C5-46E3-B16D-F6C4B895454F}.Debug|ARM.Build.0 = Debug|ARM
		{BA4012E0-79C5-46E3-B16D-F6C4B895454F}.Debug|ARM.Deploy.0 = Debug|ARM
		{BA4012E0-79C5-46E3-B16D-F6C4B895454F}.Debug|iPhone.ActiveCfg = Debug|x86
		{BA4012E0-79C5-46E3-B16D-F6C4B895454F}.Debug|iPhoneSimulator.ActiveCfg = Debug|x86
		{BA4012E0-79C5-46E3-B16D-F6C4B895454F}.Debug|x64.ActiveCfg = Debug|x64
		{BA4012E0-79C5-46E3-B16D-F6C4B895454F}.Debug|x64.Build.0 = Debug|x64
		{BA4012E0-79C5-46E3-B16D-F6C4B895454F}.Debug|x64.Deploy.0 = Debug|x64
		{BA4012E0-79C5-46E3-B16D-F6C4B895454F}.Debug|x86.ActiveCfg = Debug|x86
		{BA4012E0-79C5-46E3-B16D-F6C4B895454F}.Debug|x86.Build.0 = Debug|x86
		{BA4012E0-79C5-46E3-B16D-F6C4B895454F}.Debug|x86.Deploy.0 = Debug|x86
		{BA4012E0-79C5-46E3-B16D-F6C4B895454F}.Release|Any CPU.ActiveCfg = Release|x86
		{BA4012E0-79C5-46E3-B16D-F6C4B895454F}.Release|ARM.ActiveCfg = Release|ARM
		{BA4012E0-79C5-46E3-B16D-F6C4B895454F}.Release|ARM.Build.0 = Release|ARM
		{BA4012E0-79C5-46E3-B16D-F6C4B895454F}.Release|ARM.Deploy.0 = Release|ARM
		{BA4012E0-79C5-46E3-B16D-F6C4B895454F}.Release|iPhone.ActiveCfg = Release|x86
		{BA4012E0-79C5-46E3-B16D-F6C4B895454F}.Release|iPhoneSimulator.ActiveCfg = Release|x86
		{BA4012E0-79C5-46E3-B16D-F6C4B895454F}.Release|x64.ActiveCfg = Release|x64
		{BA4012E0-79C5-46E3-B16D-F6C4B895454F}.Release|x64.Build.0 = Release|x64
		{BA4012E0-79C5-46E3-B16D-F6C4B895454F}.Release|x64.Deploy.0 = Release|x64
		{BA4012E0-79C5-46E3-B16D-F6C4B895454F}.Release|x86.ActiveCfg = Release|x86
		{BA4012E0-79C5-46E3-B16D-F6C4B895454F}.Release|x86.Build.0 = Release|x86
		{BA4012E0-79C5-46E3-B16D-F6C4B895454F}.Release|x86.Deploy.0 = Release|x86
		{8E138685-3AA9-4E32-A2DE-9B3D57D36256}.Ad-Hoc|Any CPU.ActiveCfg = Release|Any CPU
		{8E138685-3AA9-4E32-A2DE-9B3D57D36256}.Ad-Hoc|Any CPU.Build.0 = Release|Any CPU
		{8E138685-3AA9-4E32-A2DE-9B3D57D36256}.Ad-Hoc|Any CPU.Deploy.0 = Release|Any CPU
		{8E138685-3AA9-4E32-A2DE-9B3D57D36256}.Ad-Hoc|ARM.ActiveCfg = Release|ARM
		{8E138685-3AA9-4E32-A2DE-9B3D57D36256}.Ad-Hoc|ARM.Build.0 = Release|ARM
		{8E138685-3AA9-4E32-A2DE-9B3D57D36256}.Ad-Hoc|ARM.Deploy.0 = Release|ARM
		{8E138685-3AA9-4E32-A2DE-9B3D57D36256}.Ad-Hoc|iPhone.ActiveCfg = Release|Any CPU
		{8E138685-3AA9-4E32-A2DE-9B3D57D36256}.Ad-Hoc|iPhone.Build.0 = Release|Any CPU
		{8E138685-3AA9-4E32-A2DE-9B3D57D36256}.Ad-Hoc|iPhone.Deploy.0 = Release|Any CPU
		{8E138685-3AA9-4E32-A2DE-9B3D57D36256}.Ad-Hoc|iPhoneSimulator.ActiveCfg = Release|Any CPU
		{8E138685-3AA9-4E32-A2DE-9B3D57D36256}.Ad-Hoc|iPhoneSimulator.Build.0 = Release|Any CPU
		{8E138685-3AA9-4E32-A2DE-9B3D57D36256}.Ad-Hoc|iPhoneSimulator.Deploy.0 = Release|Any CPU
		{8E138685-3AA9-4E32-A2DE-9B3D57D36256}.Ad-Hoc|x64.ActiveCfg = Release|x64
		{8E138685-3AA9-4E32-A2DE-9B3D57D36256}.Ad-Hoc|x64.Build.0 = Release|x64
		{8E138685-3AA9-4E32-A2DE-9B3D57D36256}.Ad-Hoc|x64.Deploy.0 = Release|x64
		{8E138685-3AA9-4E32-A2DE-9B3D57D36256}.Ad-Hoc|x86.ActiveCfg = Release|x86
		{8E138685-3AA9-4E32-A2DE-9B3D57D36256}.Ad-Hoc|x86.Build.0 = Release|x86
		{8E138685-3AA9-4E32-A2DE-9B3D57D36256}.Ad-Hoc|x86.Deploy.0 = Release|x86
		{8E138685-3AA9-4E32-A2DE-9B3D57D36256}.AppStore|Any CPU.ActiveCfg = Release|Any CPU
		{8E138685-3AA9-4E32-A2DE-9B3D57D36256}.AppStore|Any CPU.Build.0 = Release|Any CPU
		{8E138685-3AA9-4E32-A2DE-9B3D57D36256}.AppStore|Any CPU.Deploy.0 = Release|Any CPU
		{8E138685-3AA9-4E32-A2DE-9B3D57D36256}.AppStore|ARM.ActiveCfg = Release|ARM
		{8E138685-3AA9-4E32-A2DE-9B3D57D36256}.AppStore|ARM.Build.0 = Release|ARM
		{8E138685-3AA9-4E32-A2DE-9B3D57D36256}.AppStore|ARM.Deploy.0 = Release|ARM
		{8E138685-3AA9-4E32-A2DE-9B3D57D36256}.AppStore|iPhone.ActiveCfg = Release|Any CPU
		{8E138685-3AA9-4E32-A2DE-9B3D57D36256}.AppStore|iPhone.Build.0 = Release|Any CPU
		{8E138685-3AA9-4E32-A2DE-9B3D57D36256}.AppStore|iPhone.Deploy.0 = Release|Any CPU
		{8E138685-3AA9-4E32-A2DE-9B3D57D36256}.AppStore|iPhoneSimulator.ActiveCfg = Release|Any CPU
		{8E138685-3AA9-4E32-A2DE-9B3D57D36256}.AppStore|iPhoneSimulator.Build.0 = Release|Any CPU
		{8E138685-3AA9-4E32-A2DE-9B3D57D36256}.AppStore|iPhoneSimulator.Deploy.0 = Release|Any CPU
		{8E138685-3AA9-4E32-A2DE-9B3D57D36256}.AppStore|x64.ActiveCfg = Release|x64
		{8E138685-3AA9-4E32-A2DE-9B3D57D36256}.AppStore|x64.Build.0 = Release|x64
		{8E138685-3AA9-4E32-A2DE-9B3D57D36256}.AppStore|x64.Deploy.0 = Release|x64
		{8E138685-3AA9-4E32-A2DE-9B3D57D36256}.AppStore|x86.ActiveCfg = Release|x86
		{8E138685-3AA9-4E32-A2DE-9B3D57D36256}.AppStore|x86.Build.0 = Release|x86
		{8E138685-3AA9-4E32-A2DE-9B3D57D36256}.AppStore|x86.Deploy.0 = Release|x86
		{8E138685-3AA9-4E32-A2DE-9B3D57D36256}.Debug|Any CPU.ActiveCfg = Debug|Any CPU
		{8E138685-3AA9-4E32-A2DE-9B3D57D36256}.Debug|Any CPU.Build.0 = Debug|Any CPU
		{8E138685-3AA9-4E32-A2DE-9B3D57D36256}.Debug|Any CPU.Deploy.0 = Debug|Any CPU
		{8E138685-3AA9-4E32-A2DE-9B3D57D36256}.Debug|ARM.ActiveCfg = Debug|ARM
		{8E138685-3AA9-4E32-A2DE-9B3D57D36256}.Debug|ARM.Build.0 = Debug|ARM
		{8E138685-3AA9-4E32-A2DE-9B3D57D36256}.Debug|ARM.Deploy.0 = Debug|ARM
		{8E138685-3AA9-4E32-A2DE-9B3D57D36256}.Debug|iPhone.ActiveCfg = Debug|Any CPU
		{8E138685-3AA9-4E32-A2DE-9B3D57D36256}.Debug|iPhone.Build.0 = Debug|Any CPU
		{8E138685-3AA9-4E32-A2DE-9B3D57D36256}.Debug|iPhone.Deploy.0 = Debug|Any CPU
		{8E138685-3AA9-4E32-A2DE-9B3D57D36256}.Debug|iPhoneSimulator.ActiveCfg = Debug|Any CPU
		{8E138685-3AA9-4E32-A2DE-9B3D57D36256}.Debug|iPhoneSimulator.Build.0 = Debug|Any CPU
		{8E138685-3AA9-4E32-A2DE-9B3D57D36256}.Debug|iPhoneSimulator.Deploy.0 = Debug|Any CPU
		{8E138685-3AA9-4E32-A2DE-9B3D57D36256}.Debug|x64.ActiveCfg = Debug|x64
		{8E138685-3AA9-4E32-A2DE-9B3D57D36256}.Debug|x64.Build.0 = Debug|x64
		{8E138685-3AA9-4E32-A2DE-9B3D57D36256}.Debug|x64.Deploy.0 = Debug|x64
		{8E138685-3AA9-4E32-A2DE-9B3D57D36256}.Debug|x86.ActiveCfg = Debug|x86
		{8E138685-3AA9-4E32-A2DE-9B3D57D36256}.Debug|x86.Build.0 = Debug|x86
		{8E138685-3AA9-4E32-A2DE-9B3D57D36256}.Debug|x86.Deploy.0 = Debug|x86
		{8E138685-3AA9-4E32-A2DE-9B3D57D36256}.Release|Any CPU.ActiveCfg = Release|Any CPU
		{8E138685-3AA9-4E32-A2DE-9B3D57D36256}.Release|Any CPU.Build.0 = Release|Any CPU
		{8E138685-3AA9-4E32-A2DE-9B3D57D36256}.Release|Any CPU.Deploy.0 = Release|Any CPU
		{8E138685-3AA9-4E32-A2DE-9B3D57D36256}.Release|ARM.ActiveCfg = Release|ARM
		{8E138685-3AA9-4E32-A2DE-9B3D57D36256}.Release|ARM.Build.0 = Release|ARM
		{8E138685-3AA9-4E32-A2DE-9B3D57D36256}.Release|ARM.Deploy.0 = Release|ARM
		{8E138685-3AA9-4E32-A2DE-9B3D57D36256}.Release|iPhone.ActiveCfg = Release|Any CPU
		{8E138685-3AA9-4E32-A2DE-9B3D57D36256}.Release|iPhone.Build.0 = Release|Any CPU
		{8E138685-3AA9-4E32-A2DE-9B3D57D36256}.Release|iPhone.Deploy.0 = Release|Any CPU
		{8E138685-3AA9-4E32-A2DE-9B3D57D36256}.Release|iPhoneSimulator.ActiveCfg = Release|Any CPU
		{8E138685-3AA9-4E32-A2DE-9B3D57D36256}.Release|iPhoneSimulator.Build.0 = Release|Any CPU
		{8E138685-3AA9-4E32-A2DE-9B3D57D36256}.Release|iPhoneSimulator.Deploy.0 = Release|Any CPU
		{8E138685-3AA9-4E32-A2DE-9B3D57D36256}.Release|x64.ActiveCfg = Release|x64
		{8E138685-3AA9-4E32-A2DE-9B3D57D36256}.Release|x64.Build.0 = Release|x64
		{8E138685-3AA9-4E32-A2DE-9B3D57D36256}.Release|x64.Deploy.0 = Release|x64
		{8E138685-3AA9-4E32-A2DE-9B3D57D36256}.Release|x86.ActiveCfg = Release|x86
		{8E138685-3AA9-4E32-A2DE-9B3D57D36256}.Release|x86.Build.0 = Release|x86
		{8E138685-3AA9-4E32-A2DE-9B3D57D36256}.Release|x86.Deploy.0 = Release|x86
		{58EEAFFF-D1BB-4375-AEFC-8270F8415DCE}.Ad-Hoc|Any CPU.ActiveCfg = Release|Any CPU
		{58EEAFFF-D1BB-4375-AEFC-8270F8415DCE}.Ad-Hoc|Any CPU.Build.0 = Release|Any CPU
		{58EEAFFF-D1BB-4375-AEFC-8270F8415DCE}.Ad-Hoc|ARM.ActiveCfg = Release|Any CPU
		{58EEAFFF-D1BB-4375-AEFC-8270F8415DCE}.Ad-Hoc|ARM.Build.0 = Release|Any CPU
		{58EEAFFF-D1BB-4375-AEFC-8270F8415DCE}.Ad-Hoc|iPhone.ActiveCfg = Release|Any CPU
		{58EEAFFF-D1BB-4375-AEFC-8270F8415DCE}.Ad-Hoc|iPhone.Build.0 = Release|Any CPU
		{58EEAFFF-D1BB-4375-AEFC-8270F8415DCE}.Ad-Hoc|iPhoneSimulator.ActiveCfg = Release|Any CPU
		{58EEAFFF-D1BB-4375-AEFC-8270F8415DCE}.Ad-Hoc|iPhoneSimulator.Build.0 = Release|Any CPU
		{58EEAFFF-D1BB-4375-AEFC-8270F8415DCE}.Ad-Hoc|x64.ActiveCfg = Release|Any CPU
		{58EEAFFF-D1BB-4375-AEFC-8270F8415DCE}.Ad-Hoc|x64.Build.0 = Release|Any CPU
		{58EEAFFF-D1BB-4375-AEFC-8270F8415DCE}.Ad-Hoc|x86.ActiveCfg = Release|Any CPU
		{58EEAFFF-D1BB-4375-AEFC-8270F8415DCE}.Ad-Hoc|x86.Build.0 = Release|Any CPU
		{58EEAFFF-D1BB-4375-AEFC-8270F8415DCE}.AppStore|Any CPU.ActiveCfg = Release|Any CPU
		{58EEAFFF-D1BB-4375-AEFC-8270F8415DCE}.AppStore|Any CPU.Build.0 = Release|Any CPU
		{58EEAFFF-D1BB-4375-AEFC-8270F8415DCE}.AppStore|ARM.ActiveCfg = Release|Any CPU
		{58EEAFFF-D1BB-4375-AEFC-8270F8415DCE}.AppStore|ARM.Build.0 = Release|Any CPU
		{58EEAFFF-D1BB-4375-AEFC-8270F8415DCE}.AppStore|iPhone.ActiveCfg = Release|Any CPU
		{58EEAFFF-D1BB-4375-AEFC-8270F8415DCE}.AppStore|iPhone.Build.0 = Release|Any CPU
		{58EEAFFF-D1BB-4375-AEFC-8270F8415DCE}.AppStore|iPhoneSimulator.ActiveCfg = Release|Any CPU
		{58EEAFFF-D1BB-4375-AEFC-8270F8415DCE}.AppStore|iPhoneSimulator.Build.0 = Release|Any CPU
		{58EEAFFF-D1BB-4375-AEFC-8270F8415DCE}.AppStore|x64.ActiveCfg = Release|Any CPU
		{58EEAFFF-D1BB-4375-AEFC-8270F8415DCE}.AppStore|x64.Build.0 = Release|Any CPU
		{58EEAFFF-D1BB-4375-AEFC-8270F8415DCE}.AppStore|x86.ActiveCfg = Release|Any CPU
		{58EEAFFF-D1BB-4375-AEFC-8270F8415DCE}.AppStore|x86.Build.0 = Release|Any CPU
		{58EEAFFF-D1BB-4375-AEFC-8270F8415DCE}.Debug|Any CPU.ActiveCfg = Debug|Any CPU
		{58EEAFFF-D1BB-4375-AEFC-8270F8415DCE}.Debug|Any CPU.Build.0 = Debug|Any CPU
		{58EEAFFF-D1BB-4375-AEFC-8270F8415DCE}.Debug|ARM.ActiveCfg = Debug|Any CPU
		{58EEAFFF-D1BB-4375-AEFC-8270F8415DCE}.Debug|ARM.Build.0 = Debug|Any CPU
		{58EEAFFF-D1BB-4375-AEFC-8270F8415DCE}.Debug|iPhone.ActiveCfg = Debug|Any CPU
		{58EEAFFF-D1BB-4375-AEFC-8270F8415DCE}.Debug|iPhone.Build.0 = Debug|Any CPU
		{58EEAFFF-D1BB-4375-AEFC-8270F8415DCE}.Debug|iPhoneSimulator.ActiveCfg = Debug|Any CPU
		{58EEAFFF-D1BB-4375-AEFC-8270F8415DCE}.Debug|iPhoneSimulator.Build.0 = Debug|Any CPU
		{58EEAFFF-D1BB-4375-AEFC-8270F8415DCE}.Debug|x64.ActiveCfg = Debug|Any CPU
		{58EEAFFF-D1BB-4375-AEFC-8270F8415DCE}.Debug|x64.Build.0 = Debug|Any CPU
		{58EEAFFF-D1BB-4375-AEFC-8270F8415DCE}.Debug|x86.ActiveCfg = Debug|Any CPU
		{58EEAFFF-D1BB-4375-AEFC-8270F8415DCE}.Debug|x86.Build.0 = Debug|Any CPU
		{58EEAFFF-D1BB-4375-AEFC-8270F8415DCE}.Release|Any CPU.ActiveCfg = Release|Any CPU
		{58EEAFFF-D1BB-4375-AEFC-8270F8415DCE}.Release|Any CPU.Build.0 = Release|Any CPU
		{58EEAFFF-D1BB-4375-AEFC-8270F8415DCE}.Release|ARM.ActiveCfg = Release|Any CPU
		{58EEAFFF-D1BB-4375-AEFC-8270F8415DCE}.Release|ARM.Build.0 = Release|Any CPU
		{58EEAFFF-D1BB-4375-AEFC-8270F8415DCE}.Release|iPhone.ActiveCfg = Release|Any CPU
		{58EEAFFF-D1BB-4375-AEFC-8270F8415DCE}.Release|iPhone.Build.0 = Release|Any CPU
		{58EEAFFF-D1BB-4375-AEFC-8270F8415DCE}.Release|iPhoneSimulator.ActiveCfg = Release|Any CPU
		{58EEAFFF-D1BB-4375-AEFC-8270F8415DCE}.Release|iPhoneSimulator.Build.0 = Release|Any CPU
		{58EEAFFF-D1BB-4375-AEFC-8270F8415DCE}.Release|x64.ActiveCfg = Release|Any CPU
		{58EEAFFF-D1BB-4375-AEFC-8270F8415DCE}.Release|x64.Build.0 = Release|Any CPU
		{58EEAFFF-D1BB-4375-AEFC-8270F8415DCE}.Release|x86.ActiveCfg = Release|Any CPU
		{58EEAFFF-D1BB-4375-AEFC-8270F8415DCE}.Release|x86.Build.0 = Release|Any CPU
	EndGlobalSection
	GlobalSection(SolutionProperties) = preSolution
		HideSolutionNode = FALSE
	EndGlobalSection
EndGlobal
